
Microsoft Visual Studio Solution File, Format Version 12.00
# Visual Studio 15
VisualStudioVersion = 15.0.28307.136
MinimumVisualStudioVersion = 10.0.40219.1
Project("{888888A0-9F3D-457C-B088-3A5042F75D52}") = "LSTM_test", "LSTM_test\LSTM_test.pyproj", "{FE307FB0-B063-462E-8D38-7E91D1F55CFA}"
EndProject
Global
	GlobalSection(SolutionConfigurationPlatforms) = preSolution
		Debug|Any CPU = Debug|Any CPU
		Release|Any CPU = Release|Any CPU
	EndGlobalSection
	GlobalSection(ProjectConfigurationPlatforms) = postSolution
		{FE307FB0-B063-462E-8D38-7E91D1F55CFA}.Debug|Any CPU.ActiveCfg = Debug|Any CPU
		{FE307FB0-B063-462E-8D38-7E91D1F55CFA}.Release|Any CPU.ActiveCfg = Release|Any CPU
	EndGlobalSection
	GlobalSection(SolutionProperties) = preSolution
		HideSolutionNode = FALSE
	EndGlobalSection
	GlobalSection(ExtensibilityGlobals) = postSolution
		SolutionGuid = {0E87C9F6-40CD-4736-BB38-D6696CE3292C}
	EndGlobalSection
EndGlobal
